
Microsoft Visual Studio Solution File, Format Version 12.00
# Visual Studio Version 17
VisualStudioVersion = 17.4.33213.308
MinimumVisualStudioVersion = 10.0.40219.1
Project("{9A19103F-16F7-4668-BE54-9A1E7A4F7556}") = "ProjectWorkshop", "ProjectWorkshop\ProjectWorkshop.csproj", "{C438D605-6E89-4881-8CD9-73F847BAFDCA}"
EndProject
Project("{9A19103F-16F7-4668-BE54-9A1E7A4F7556}") = "ПР1", "ПР1\ПР1.csproj", "{8196A081-089E-495C-8339-65569A82F65A}"
EndProject
Project("{FAE04EC0-301F-11D3-BF4B-00C04F79EFBC}") = "ПР2", "ПР2\ПР2.csproj", "{71129E7C-F9DF-46DD-B9EF-D66F7AB41EB6}"
EndProject
Global
	GlobalSection(SolutionConfigurationPlatforms) = preSolution
		Debug|Any CPU = Debug|Any CPU
		Release|Any CPU = Release|Any CPU
	EndGlobalSection
	GlobalSection(ProjectConfigurationPlatforms) = postSolution
		{C438D605-6E89-4881-8CD9-73F847BAFDCA}.Debug|Any CPU.ActiveCfg = Debug|Any CPU
		{C438D605-6E89-4881-8CD9-73F847BAFDCA}.Debug|Any CPU.Build.0 = Debug|Any CPU
		{C438D605-6E89-4881-8CD9-73F847BAFDCA}.Release|Any CPU.ActiveCfg = Release|Any CPU
		{C438D605-6E89-4881-8CD9-73F847BAFDCA}.Release|Any CPU.Build.0 = Release|Any CPU
		{8196A081-089E-495C-8339-65569A82F65A}.Debug|Any CPU.ActiveCfg = Debug|Any CPU
		{8196A081-089E-495C-8339-65569A82F65A}.Debug|Any CPU.Build.0 = Debug|Any CPU
		{8196A081-089E-495C-8339-65569A82F65A}.Release|Any CPU.ActiveCfg = Release|Any CPU
		{8196A081-089E-495C-8339-65569A82F65A}.Release|Any CPU.Build.0 = Release|Any CPU
		{71129E7C-F9DF-46DD-B9EF-D66F7AB41EB6}.Debug|Any CPU.ActiveCfg = Debug|Any CPU
		{71129E7C-F9DF-46DD-B9EF-D66F7AB41EB6}.Debug|Any CPU.Build.0 = Debug|Any CPU
		{71129E7C-F9DF-46DD-B9EF-D66F7AB41EB6}.Release|Any CPU.ActiveCfg = Release|Any CPU
		{71129E7C-F9DF-46DD-B9EF-D66F7AB41EB6}.Release|Any CPU.Build.0 = Release|Any CPU
	EndGlobalSection
	GlobalSection(SolutionProperties) = preSolution
		HideSolutionNode = FALSE
	EndGlobalSection
	GlobalSection(ExtensibilityGlobals) = postSolution
		SolutionGuid = {04FB57F6-54D1-4ED8-909B-EE3821BF37A7}
	EndGlobalSection
EndGlobal
